// !$*UTF8*$!
{
	archiveVersion = 1;
	classes = {
	};
	objectVersion = 56;
	objects = {

/* Begin PBXBuildFile section */
		CC3CC51E2949B58D00D2F0D8 /* APIManager.swift in Sources */ = {isa = PBXBuildFile; fileRef = CC3CC51D2949B58D00D2F0D8 /* APIManager.swift */; };
		CC3CC523294A253000D2F0D8 /* ArtistsModel.swift in Sources */ = {isa = PBXBuildFile; fileRef = CC3CC522294A253000D2F0D8 /* ArtistsModel.swift */; };
		CC3CC525294A3DAA00D2F0D8 /* TracksModel.swift in Sources */ = {isa = PBXBuildFile; fileRef = CC3CC524294A3DAA00D2F0D8 /* TracksModel.swift */; };
		CC408A032937FE9400CBDBD7 /* RecapApp.swift in Sources */ = {isa = PBXBuildFile; fileRef = CC408A022937FE9400CBDBD7 /* RecapApp.swift */; };
		CC408A052937FE9400CBDBD7 /* LoginView.swift in Sources */ = {isa = PBXBuildFile; fileRef = CC408A042937FE9400CBDBD7 /* LoginView.swift */; };
		CC408A072937FE9500CBDBD7 /* Assets.xcassets in Resources */ = {isa = PBXBuildFile; fileRef = CC408A062937FE9500CBDBD7 /* Assets.xcassets */; };
		CC408A0A2937FE9500CBDBD7 /* Preview Assets.xcassets in Resources */ = {isa = PBXBuildFile; fileRef = CC408A092937FE9500CBDBD7 /* Preview Assets.xcassets */; };
		CC408A112937FEE800CBDBD7 /* WebView.swift in Sources */ = {isa = PBXBuildFile; fileRef = CC408A102937FEE800CBDBD7 /* WebView.swift */; };
		CC86D74E294DBDB3002C7299 /* RecModel.swift in Sources */ = {isa = PBXBuildFile; fileRef = CC86D74D294DBDB3002C7299 /* RecModel.swift */; };
		CC86D750294E03C4002C7299 /* ProfileModel.swift in Sources */ = {isa = PBXBuildFile; fileRef = CC86D74F294E03C4002C7299 /* ProfileModel.swift */; };
		CC86D752294E09B1002C7299 /* PlaylistModel.swift in Sources */ = {isa = PBXBuildFile; fileRef = CC86D751294E09B1002C7299 /* PlaylistModel.swift */; };
		CCCEB273293FF53500458BD9 /* SavedStyles.swift in Sources */ = {isa = PBXBuildFile; fileRef = CCCEB272293FF53500458BD9 /* SavedStyles.swift */; };
		CCCEB2782940879000458BD9 /* ResultsView.swift in Sources */ = {isa = PBXBuildFile; fileRef = CCCEB2772940879000458BD9 /* ResultsView.swift */; };
		CCCEB27A2940AC1800458BD9 /* SongFinderView.swift in Sources */ = {isa = PBXBuildFile; fileRef = CCCEB2792940AC1800458BD9 /* SongFinderView.swift */; };
		CCDC1B7C2942103200A33B6B /* GenreSeedModel.swift in Sources */ = {isa = PBXBuildFile; fileRef = CCDC1B7B2942103200A33B6B /* GenreSeedModel.swift */; };
		CCDC1B7E294210DF00A33B6B /* TopModel.swift in Sources */ = {isa = PBXBuildFile; fileRef = CCDC1B7D294210DF00A33B6B /* TopModel.swift */; };
		CCDC1B812942278200A33B6B /* AuthManager.swift in Sources */ = {isa = PBXBuildFile; fileRef = CCDC1B802942278200A33B6B /* AuthManager.swift */; };
		CCDC1B8729431E7300A33B6B /* KeychainAccess in Frameworks */ = {isa = PBXBuildFile; productRef = CCDC1B8629431E7300A33B6B /* KeychainAccess */; };
		CCDC1B8929433D8100A33B6B /* SplashView.swift in Sources */ = {isa = PBXBuildFile; fileRef = CCDC1B8829433D8100A33B6B /* SplashView.swift */; };
		CCEDD9AD293D418900129DD1 /* TopView.swift in Sources */ = {isa = PBXBuildFile; fileRef = CCEDD9AC293D418900129DD1 /* TopView.swift */; };
		CCEDD9AF293D41BC00129DD1 /* PageView.swift in Sources */ = {isa = PBXBuildFile; fileRef = CCEDD9AE293D41BC00129DD1 /* PageView.swift */; };
		CCEDD9B3293D510A00129DD1 /* PopularityView.swift in Sources */ = {isa = PBXBuildFile; fileRef = CCEDD9B2293D510A00129DD1 /* PopularityView.swift */; };
/* End PBXBuildFile section */

/* Begin PBXFileReference section */
		CC3CC51D2949B58D00D2F0D8 /* APIManager.swift */ = {isa = PBXFileReference; lastKnownFileType = sourcecode.swift; path = APIManager.swift; sourceTree = "<group>"; };
		CC3CC5202949DC2500D2F0D8 /* CryptoKit.framework */ = {isa = PBXFileReference; lastKnownFileType = wrapper.framework; name = CryptoKit.framework; path = System/Library/Frameworks/CryptoKit.framework; sourceTree = SDKROOT; };
		CC3CC522294A253000D2F0D8 /* ArtistsModel.swift */ = {isa = PBXFileReference; lastKnownFileType = sourcecode.swift; path = ArtistsModel.swift; sourceTree = "<group>"; };
		CC3CC524294A3DAA00D2F0D8 /* TracksModel.swift */ = {isa = PBXFileReference; lastKnownFileType = sourcecode.swift; path = TracksModel.swift; sourceTree = "<group>"; };
		CC4089FF2937FE9400CBDBD7 /* Recap.app */ = {isa = PBXFileReference; explicitFileType = wrapper.application; includeInIndex = 0; path = Recap.app; sourceTree = BUILT_PRODUCTS_DIR; };
		CC408A022937FE9400CBDBD7 /* RecapApp.swift */ = {isa = PBXFileReference; lastKnownFileType = sourcecode.swift; path = RecapApp.swift; sourceTree = "<group>"; };
		CC408A042937FE9400CBDBD7 /* LoginView.swift */ = {isa = PBXFileReference; lastKnownFileType = sourcecode.swift; path = LoginView.swift; sourceTree = "<group>"; };
		CC408A062937FE9500CBDBD7 /* Assets.xcassets */ = {isa = PBXFileReference; lastKnownFileType = folder.assetcatalog; path = Assets.xcassets; sourceTree = "<group>"; };
		CC408A092937FE9500CBDBD7 /* Preview Assets.xcassets */ = {isa = PBXFileReference; lastKnownFileType = folder.assetcatalog; path = "Preview Assets.xcassets"; sourceTree = "<group>"; };
		CC408A102937FEE800CBDBD7 /* WebView.swift */ = {isa = PBXFileReference; lastKnownFileType = sourcecode.swift; path = WebView.swift; sourceTree = "<group>"; };
		CC86D748294CDAA9002C7299 /* Charts.framework */ = {isa = PBXFileReference; lastKnownFileType = wrapper.framework; name = Charts.framework; path = System/Library/Frameworks/Charts.framework; sourceTree = SDKROOT; };
		CC86D74D294DBDB3002C7299 /* RecModel.swift */ = {isa = PBXFileReference; lastKnownFileType = sourcecode.swift; path = RecModel.swift; sourceTree = "<group>"; };
		CC86D74F294E03C4002C7299 /* ProfileModel.swift */ = {isa = PBXFileReference; lastKnownFileType = sourcecode.swift; path = ProfileModel.swift; sourceTree = "<group>"; };
		CC86D751294E09B1002C7299 /* PlaylistModel.swift */ = {isa = PBXFileReference; lastKnownFileType = sourcecode.swift; path = PlaylistModel.swift; sourceTree = "<group>"; };
		CCCEB272293FF53500458BD9 /* SavedStyles.swift */ = {isa = PBXFileReference; lastKnownFileType = sourcecode.swift; path = SavedStyles.swift; sourceTree = "<group>"; };
		CCCEB2772940879000458BD9 /* ResultsView.swift */ = {isa = PBXFileReference; lastKnownFileType = sourcecode.swift; path = ResultsView.swift; sourceTree = "<group>"; };
		CCCEB2792940AC1800458BD9 /* SongFinderView.swift */ = {isa = PBXFileReference; lastKnownFileType = sourcecode.swift; path = SongFinderView.swift; sourceTree = "<group>"; };
		CCDC1B7B2942103200A33B6B /* GenreSeedModel.swift */ = {isa = PBXFileReference; lastKnownFileType = sourcecode.swift; path = GenreSeedModel.swift; sourceTree = "<group>"; };
		CCDC1B7D294210DF00A33B6B /* TopModel.swift */ = {isa = PBXFileReference; lastKnownFileType = sourcecode.swift; path = TopModel.swift; sourceTree = "<group>"; };
		CCDC1B802942278200A33B6B /* AuthManager.swift */ = {isa = PBXFileReference; lastKnownFileType = sourcecode.swift; path = AuthManager.swift; sourceTree = "<group>"; };
		CCDC1B8829433D8100A33B6B /* SplashView.swift */ = {isa = PBXFileReference; lastKnownFileType = sourcecode.swift; path = SplashView.swift; sourceTree = "<group>"; };
		CCEDD9AC293D418900129DD1 /* TopView.swift */ = {isa = PBXFileReference; lastKnownFileType = sourcecode.swift; path = TopView.swift; sourceTree = "<group>"; };
		CCEDD9AE293D41BC00129DD1 /* PageView.swift */ = {isa = PBXFileReference; lastKnownFileType = sourcecode.swift; path = PageView.swift; sourceTree = "<group>"; };
		CCEDD9B2293D510A00129DD1 /* PopularityView.swift */ = {isa = PBXFileReference; lastKnownFileType = sourcecode.swift; path = PopularityView.swift; sourceTree = "<group>"; };
/* End PBXFileReference section */

/* Begin PBXFrameworksBuildPhase section */
		CC4089FC2937FE9400CBDBD7 /* Frameworks */ = {
			isa = PBXFrameworksBuildPhase;
			buildActionMask = 2147483647;
			files = (
				CCDC1B8729431E7300A33B6B /* KeychainAccess in Frameworks */,
			);
			runOnlyForDeploymentPostprocessing = 0;
		};
/* End PBXFrameworksBuildPhase section */

/* Begin PBXGroup section */
		CC3CC51F2949DC2400D2F0D8 /* Frameworks */ = {
			isa = PBXGroup;
			children = (
				CC86D748294CDAA9002C7299 /* Charts.framework */,
				CC3CC5202949DC2500D2F0D8 /* CryptoKit.framework */,
			);
			name = Frameworks;
			sourceTree = "<group>";
		};
		CC4089F62937FE9400CBDBD7 = {
			isa = PBXGroup;
			children = (
				CC408A012937FE9400CBDBD7 /* Recap */,
				CC408A002937FE9400CBDBD7 /* Products */,
				CC3CC51F2949DC2400D2F0D8 /* Frameworks */,
			);
			sourceTree = "<group>";
		};
		CC408A002937FE9400CBDBD7 /* Products */ = {
			isa = PBXGroup;
			children = (
				CC4089FF2937FE9400CBDBD7 /* Recap.app */,
			);
			name = Products;
			sourceTree = "<group>";
		};
		CC408A012937FE9400CBDBD7 /* Recap */ = {
			isa = PBXGroup;
			children = (
				CCDC1B7F2942276A00A33B6B /* Managers */,
				CCDC1B7A29420FF900A33B6B /* Models */,
				CCEDD9B0293D4B1E00129DD1 /* Views */,
				CC408A022937FE9400CBDBD7 /* RecapApp.swift */,
				CC408A102937FEE800CBDBD7 /* WebView.swift */,
				CC408A062937FE9500CBDBD7 /* Assets.xcassets */,
				CC408A082937FE9500CBDBD7 /* Preview Content */,
			);
			path = Recap;
			sourceTree = "<group>";
		};
		CC408A082937FE9500CBDBD7 /* Preview Content */ = {
			isa = PBXGroup;
			children = (
				CC408A092937FE9500CBDBD7 /* Preview Assets.xcassets */,
			);
			path = "Preview Content";
			sourceTree = "<group>";
		};
		CCDC1B7A29420FF900A33B6B /* Models */ = {
			isa = PBXGroup;
			children = (
				CCDC1B7B2942103200A33B6B /* GenreSeedModel.swift */,
				CCDC1B7D294210DF00A33B6B /* TopModel.swift */,
				CC3CC522294A253000D2F0D8 /* ArtistsModel.swift */,
				CC3CC524294A3DAA00D2F0D8 /* TracksModel.swift */,
				CC86D74D294DBDB3002C7299 /* RecModel.swift */,
				CC86D74F294E03C4002C7299 /* ProfileModel.swift */,
				CC86D751294E09B1002C7299 /* PlaylistModel.swift */,
			);
			path = Models;
			sourceTree = "<group>";
		};
		CCDC1B7F2942276A00A33B6B /* Managers */ = {
			isa = PBXGroup;
			children = (
				CCDC1B802942278200A33B6B /* AuthManager.swift */,
				CC3CC51D2949B58D00D2F0D8 /* APIManager.swift */,
			);
			path = Managers;
			sourceTree = "<group>";
		};
		CCEDD9B0293D4B1E00129DD1 /* Views */ = {
			isa = PBXGroup;
			children = (
				CCDC1B8829433D8100A33B6B /* SplashView.swift */,
				CCEDD9AE293D41BC00129DD1 /* PageView.swift */,
				CCEDD9B1293D4B2B00129DD1 /* Top */,
				CCEDD9B2293D510A00129DD1 /* PopularityView.swift */,
				CCCEB2772940879000458BD9 /* ResultsView.swift */,
				CC408A042937FE9400CBDBD7 /* LoginView.swift */,
				CCCEB2792940AC1800458BD9 /* SongFinderView.swift */,
			);
			path = Views;
			sourceTree = "<group>";
		};
		CCEDD9B1293D4B2B00129DD1 /* Top */ = {
			isa = PBXGroup;
			children = (
				CCEDD9AC293D418900129DD1 /* TopView.swift */,
				CCCEB272293FF53500458BD9 /* SavedStyles.swift */,
			);
			path = Top;
			sourceTree = "<group>";
		};
/* End PBXGroup section */

/* Begin PBXNativeTarget section */
		CC4089FE2937FE9400CBDBD7 /* Recap */ = {
			isa = PBXNativeTarget;
			buildConfigurationList = CC408A0D2937FE9500CBDBD7 /* Build configuration list for PBXNativeTarget "Recap" */;
			buildPhases = (
				CC4089FB2937FE9400CBDBD7 /* Sources */,
				CC4089FC2937FE9400CBDBD7 /* Frameworks */,
				CC4089FD2937FE9400CBDBD7 /* Resources */,
			);
			buildRules = (
			);
			dependencies = (
			);
			name = Recap;
			packageProductDependencies = (
				CCDC1B8629431E7300A33B6B /* KeychainAccess */,
			);
			productName = Recap;
			productReference = CC4089FF2937FE9400CBDBD7 /* Recap.app */;
			productType = "com.apple.product-type.application";
		};
/* End PBXNativeTarget section */

/* Begin PBXProject section */
		CC4089F72937FE9400CBDBD7 /* Project object */ = {
			isa = PBXProject;
			attributes = {
				BuildIndependentTargetsInParallel = 1;
				LastSwiftUpdateCheck = 1410;
				LastUpgradeCheck = 1410;
				TargetAttributes = {
					CC4089FE2937FE9400CBDBD7 = {
						CreatedOnToolsVersion = 14.1;
					};
				};
			};
			buildConfigurationList = CC4089FA2937FE9400CBDBD7 /* Build configuration list for PBXProject "Recap" */;
			compatibilityVersion = "Xcode 14.0";
			developmentRegion = en;
			hasScannedForEncodings = 0;
			knownRegions = (
				en,
				Base,
			);
			mainGroup = CC4089F62937FE9400CBDBD7;
			packageReferences = (
				CCDC1B8529431E7300A33B6B /* XCRemoteSwiftPackageReference "KeychainAccess" */,
			);
			productRefGroup = CC408A002937FE9400CBDBD7 /* Products */;
			projectDirPath = "";
			projectRoot = "";
			targets = (
				CC4089FE2937FE9400CBDBD7 /* Recap */,
			);
		};
/* End PBXProject section */

/* Begin PBXResourcesBuildPhase section */
		CC4089FD2937FE9400CBDBD7 /* Resources */ = {
			isa = PBXResourcesBuildPhase;
			buildActionMask = 2147483647;
			files = (
				CC408A0A2937FE9500CBDBD7 /* Preview Assets.xcassets in Resources */,
				CC408A072937FE9500CBDBD7 /* Assets.xcassets in Resources */,
			);
			runOnlyForDeploymentPostprocessing = 0;
		};
/* End PBXResourcesBuildPhase section */

/* Begin PBXSourcesBuildPhase section */
		CC4089FB2937FE9400CBDBD7 /* Sources */ = {
			isa = PBXSourcesBuildPhase;
			buildActionMask = 2147483647;
			files = (
				CC86D74E294DBDB3002C7299 /* RecModel.swift in Sources */,
				CC408A112937FEE800CBDBD7 /* WebView.swift in Sources */,
				CCDC1B812942278200A33B6B /* AuthManager.swift in Sources */,
				CCDC1B7C2942103200A33B6B /* GenreSeedModel.swift in Sources */,
				CCCEB2782940879000458BD9 /* ResultsView.swift in Sources */,
				CCDC1B7E294210DF00A33B6B /* TopModel.swift in Sources */,
				CC3CC525294A3DAA00D2F0D8 /* TracksModel.swift in Sources */,
				CCEDD9B3293D510A00129DD1 /* PopularityView.swift in Sources */,
				CC86D752294E09B1002C7299 /* PlaylistModel.swift in Sources */,
				CC3CC51E2949B58D00D2F0D8 /* APIManager.swift in Sources */,
				CC86D750294E03C4002C7299 /* ProfileModel.swift in Sources */,
				CC3CC523294A253000D2F0D8 /* ArtistsModel.swift in Sources */,
				CCCEB273293FF53500458BD9 /* SavedStyles.swift in Sources */,
				CC408A052937FE9400CBDBD7 /* LoginView.swift in Sources */,
				CCDC1B8929433D8100A33B6B /* SplashView.swift in Sources */,
				CC408A032937FE9400CBDBD7 /* RecapApp.swift in Sources */,
				CCEDD9AF293D41BC00129DD1 /* PageView.swift in Sources */,
				CCCEB27A2940AC1800458BD9 /* SongFinderView.swift in Sources */,
				CCEDD9AD293D418900129DD1 /* TopView.swift in Sources */,
			);
			runOnlyForDeploymentPostprocessing = 0;
		};
/* End PBXSourcesBuildPhase section */

/* Begin XCBuildConfiguration section */
		CC408A0B2937FE9500CBDBD7 /* Debug */ = {
			isa = XCBuildConfiguration;
			buildSettings = {
				ALWAYS_SEARCH_USER_PATHS = NO;
				CLANG_ANALYZER_NONNULL = YES;
				CLANG_ANALYZER_NUMBER_OBJECT_CONVERSION = YES_AGGRESSIVE;
				CLANG_CXX_LANGUAGE_STANDARD = "gnu++20";
				CLANG_ENABLE_MODULES = YES;
				CLANG_ENABLE_OBJC_ARC = YES;
				CLANG_ENABLE_OBJC_WEAK = YES;
				CLANG_WARN_BLOCK_CAPTURE_AUTORELEASING = YES;
				CLANG_WARN_BOOL_CONVERSION = YES;
				CLANG_WARN_COMMA = YES;
				CLANG_WARN_CONSTANT_CONVERSION = YES;
				CLANG_WARN_DEPRECATED_OBJC_IMPLEMENTATIONS = YES;
				CLANG_WARN_DIRECT_OBJC_ISA_USAGE = YES_ERROR;
				CLANG_WARN_DOCUMENTATION_COMMENTS = YES;
				CLANG_WARN_EMPTY_BODY = YES;
				CLANG_WARN_ENUM_CONVERSION = YES;
				CLANG_WARN_INFINITE_RECURSION = YES;
				CLANG_WARN_INT_CONVERSION = YES;
				CLANG_WARN_NON_LITERAL_NULL_CONVERSION = YES;
				CLANG_WARN_OBJC_IMPLICIT_RETAIN_SELF = YES;
				CLANG_WARN_OBJC_LITERAL_CONVERSION = YES;
				CLANG_WARN_OBJC_ROOT_CLASS = YES_ERROR;
				CLANG_WARN_QUOTED_INCLUDE_IN_FRAMEWORK_HEADER = YES;
				CLANG_WARN_RANGE_LOOP_ANALYSIS = YES;
				CLANG_WARN_STRICT_PROTOTYPES = YES;
				CLANG_WARN_SUSPICIOUS_MOVE = YES;
				CLANG_WARN_UNGUARDED_AVAILABILITY = YES_AGGRESSIVE;
				CLANG_WARN_UNREACHABLE_CODE = YES;
				CLANG_WARN__DUPLICATE_METHOD_MATCH = YES;
				COPY_PHASE_STRIP = NO;
				DEBUG_INFORMATION_FORMAT = dwarf;
				ENABLE_STRICT_OBJC_MSGSEND = YES;
				ENABLE_TESTABILITY = YES;
				GCC_C_LANGUAGE_STANDARD = gnu11;
				GCC_DYNAMIC_NO_PIC = NO;
				GCC_NO_COMMON_BLOCKS = YES;
				GCC_OPTIMIZATION_LEVEL = 0;
				GCC_PREPROCESSOR_DEFINITIONS = (
					"DEBUG=1",
					"$(inherited)",
				);
				GCC_WARN_64_TO_32_BIT_CONVERSION = YES;
				GCC_WARN_ABOUT_RETURN_TYPE = YES_ERROR;
				GCC_WARN_UNDECLARED_SELECTOR = YES;
				GCC_WARN_UNINITIALIZED_AUTOS = YES_AGGRESSIVE;
				GCC_WARN_UNUSED_FUNCTION = YES;
				GCC_WARN_UNUSED_VARIABLE = YES;
				IPHONEOS_DEPLOYMENT_TARGET = 16.1;
				MTL_ENABLE_DEBUG_INFO = INCLUDE_SOURCE;
				MTL_FAST_MATH = YES;
				ONLY_ACTIVE_ARCH = YES;
				SDKROOT = iphoneos;
				SWIFT_ACTIVE_COMPILATION_CONDITIONS = DEBUG;
				SWIFT_OPTIMIZATION_LEVEL = "-Onone";
			};
			name = Debug;
		};
		CC408A0C2937FE9500CBDBD7 /* Release */ = {
			isa = XCBuildConfiguration;
			buildSettings = {
				ALWAYS_SEARCH_USER_PATHS = NO;
				CLANG_ANALYZER_NONNULL = YES;
				CLANG_ANALYZER_NUMBER_OBJECT_CONVERSION = YES_AGGRESSIVE;
				CLANG_CXX_LANGUAGE_STANDARD = "gnu++20";
				CLANG_ENABLE_MODULES = YES;
				CLANG_ENABLE_OBJC_ARC = YES;
				CLANG_ENABLE_OBJC_WEAK = YES;
				CLANG_WARN_BLOCK_CAPTURE_AUTORELEASING = YES;
				CLANG_WARN_BOOL_CONVERSION = YES;
				CLANG_WARN_COMMA = YES;
				CLANG_WARN_CONSTANT_CONVERSION = YES;
				CLANG_WARN_DEPRECATED_OBJC_IMPLEMENTATIONS = YES;
				CLANG_WARN_DIRECT_OBJC_ISA_USAGE = YES_ERROR;
				CLANG_WARN_DOCUMENTATION_COMMENTS = YES;
				CLANG_WARN_EMPTY_BODY = YES;
				CLANG_WARN_ENUM_CONVERSION = YES;
				CLANG_WARN_INFINITE_RECURSION = YES;
				CLANG_WARN_INT_CONVERSION = YES;
				CLANG_WARN_NON_LITERAL_NULL_CONVERSION = YES;
				CLANG_WARN_OBJC_IMPLICIT_RETAIN_SELF = YES;
				CLANG_WARN_OBJC_LITERAL_CONVERSION = YES;
				CLANG_WARN_OBJC_ROOT_CLASS = YES_ERROR;
				CLANG_WARN_QUOTED_INCLUDE_IN_FRAMEWORK_HEADER = YES;
				CLANG_WARN_RANGE_LOOP_ANALYSIS = YES;
				CLANG_WARN_STRICT_PROTOTYPES = YES;
				CLANG_WARN_SUSPICIOUS_MOVE = YES;
				CLANG_WARN_UNGUARDED_AVAILABILITY = YES_AGGRESSIVE;
				CLANG_WARN_UNREACHABLE_CODE = YES;
				CLANG_WARN__DUPLICATE_METHOD_MATCH = YES;
				COPY_PHASE_STRIP = NO;
				DEBUG_INFORMATION_FORMAT = "dwarf-with-dsym";
				ENABLE_NS_ASSERTIONS = NO;
				ENABLE_STRICT_OBJC_MSGSEND = YES;
				GCC_C_LANGUAGE_STANDARD = gnu11;
				GCC_NO_COMMON_BLOCKS = YES;
				GCC_WARN_64_TO_32_BIT_CONVERSION = YES;
				GCC_WARN_ABOUT_RETURN_TYPE = YES_ERROR;
				GCC_WARN_UNDECLARED_SELECTOR = YES;
				GCC_WARN_UNINITIALIZED_AUTOS = YES_AGGRESSIVE;
				GCC_WARN_UNUSED_FUNCTION = YES;
				GCC_WARN_UNUSED_VARIABLE = YES;
				IPHONEOS_DEPLOYMENT_TARGET = 16.1;
				MTL_ENABLE_DEBUG_INFO = NO;
				MTL_FAST_MATH = YES;
				SDKROOT = iphoneos;
				SWIFT_COMPILATION_MODE = wholemodule;
				SWIFT_OPTIMIZATION_LEVEL = "-O";
				VALIDATE_PRODUCT = YES;
			};
			name = Release;
		};
		CC408A0E2937FE9500CBDBD7 /* Debug */ = {
			isa = XCBuildConfiguration;
			buildSettings = {
				ASSETCATALOG_COMPILER_APPICON_NAME = AppIcon;
				ASSETCATALOG_COMPILER_GLOBAL_ACCENT_COLOR_NAME = AccentColor;
				CODE_SIGN_STYLE = Automatic;
				CURRENT_PROJECT_VERSION = 1;
				DEVELOPMENT_ASSET_PATHS = "\"Recap/Preview Content\"";
				ENABLE_PREVIEWS = YES;
				GENERATE_INFOPLIST_FILE = YES;
				INFOPLIST_KEY_UIApplicationSceneManifest_Generation = YES;
				INFOPLIST_KEY_UIApplicationSupportsIndirectInputEvents = YES;
				INFOPLIST_KEY_UILaunchScreen_Generation = YES;
				INFOPLIST_KEY_UISupportedInterfaceOrientations_iPad = "UIInterfaceOrientationPortrait UIInterfaceOrientationPortraitUpsideDown UIInterfaceOrientationLandscapeLeft UIInterfaceOrientationLandscapeRight";
				INFOPLIST_KEY_UISupportedInterfaceOrientations_iPhone = "UIInterfaceOrientationPortrait UIInterfaceOrientationLandscapeLeft UIInterfaceOrientationLandscapeRight";
				LD_RUNPATH_SEARCH_PATHS = (
					"$(inherited)",
					"@executable_path/Frameworks",
				);
				MARKETING_VERSION = 1.0;
				PRODUCT_BUNDLE_IDENTIFIER = dev.kayleewilliams.Recap;
				PRODUCT_NAME = "$(TARGET_NAME)";
				SWIFT_EMIT_LOC_STRINGS = YES;
				SWIFT_VERSION = 5.0;
				TARGETED_DEVICE_FAMILY = "1,2";
			};
			name = Debug;
		};
		CC408A0F2937FE9500CBDBD7 /* Release */ = {
			isa = XCBuildConfiguration;
			buildSettings = {
				ASSETCATALOG_COMPILER_APPICON_NAME = AppIcon;
				ASSETCATALOG_COMPILER_GLOBAL_ACCENT_COLOR_NAME = AccentColor;
				CODE_SIGN_STYLE = Automatic;
				CURRENT_PROJECT_VERSION = 1;
				DEVELOPMENT_ASSET_PATHS = "\"Recap/Preview Content\"";
				ENABLE_PREVIEWS = YES;
				GENERATE_INFOPLIST_FILE = YES;
				INFOPLIST_KEY_UIApplicationSceneManifest_Generation = YES;
				INFOPLIST_KEY_UIApplicationSupportsIndirectInputEvents = YES;
				INFOPLIST_KEY_UILaunchScreen_Generation = YES;
				INFOPLIST_KEY_UISupportedInterfaceOrientations_iPad = "UIInterfaceOrientationPortrait UIInterfaceOrientationPortraitUpsideDown UIInterfaceOrientationLandscapeLeft UIInterfaceOrientationLandscapeRight";
				INFOPLIST_KEY_UISupportedInterfaceOrientations_iPhone = "UIInterfaceOrientationPortrait UIInterfaceOrientationLandscapeLeft UIInterfaceOrientationLandscapeRight";
				LD_RUNPATH_SEARCH_PATHS = (
					"$(inherited)",
					"@executable_path/Frameworks",
				);
				MARKETING_VERSION = 1.0;
				PRODUCT_BUNDLE_IDENTIFIER = dev.kayleewilliams.Recap;
				PRODUCT_NAME = "$(TARGET_NAME)";
				SWIFT_EMIT_LOC_STRINGS = YES;
				SWIFT_VERSION = 5.0;
				TARGETED_DEVICE_FAMILY = "1,2";
			};
			name = Release;
		};
/* End XCBuildConfiguration section */

/* Begin XCConfigurationList section */
		CC4089FA2937FE9400CBDBD7 /* Build configuration list for PBXProject "Recap" */ = {
			isa = XCConfigurationList;
			buildConfigurations = (
				CC408A0B2937FE9500CBDBD7 /* Debug */,
				CC408A0C2937FE9500CBDBD7 /* Release */,
			);
			defaultConfigurationIsVisible = 0;
			defaultConfigurationName = Release;
		};
		CC408A0D2937FE9500CBDBD7 /* Build configuration list for PBXNativeTarget "Recap" */ = {
			isa = XCConfigurationList;
			buildConfigurations = (
				CC408A0E2937FE9500CBDBD7 /* Debug */,
				CC408A0F2937FE9500CBDBD7 /* Release */,
			);
			defaultConfigurationIsVisible = 0;
			defaultConfigurationName = Release;
		};
/* End XCConfigurationList section */

/* Begin XCRemoteSwiftPackageReference section */
		CCDC1B8529431E7300A33B6B /* XCRemoteSwiftPackageReference "KeychainAccess" */ = {
			isa = XCRemoteSwiftPackageReference;
			repositoryURL = "https://github.com/kishikawakatsumi/KeychainAccess.git";
			requirement = {
				branch = master;
				kind = branch;
			};
		};
/* End XCRemoteSwiftPackageReference section */

/* Begin XCSwiftPackageProductDependency section */
		CCDC1B8629431E7300A33B6B /* KeychainAccess */ = {
			isa = XCSwiftPackageProductDependency;
			package = CCDC1B8529431E7300A33B6B /* XCRemoteSwiftPackageReference "KeychainAccess" */;
			productName = KeychainAccess;
		};
/* End XCSwiftPackageProductDependency section */
	};
	rootObject = CC4089F72937FE9400CBDBD7 /* Project object */;
}
